// !$*UTF8*$!
{
	archiveVersion = 1;
	classes = {
	};
	objectVersion = 77;
	objects = {

/* Begin PBXBuildFile section */
		07324C96AE96D5CE062E112E /* MainTabView.swift in Sources */ = {isa = PBXBuildFile; fileRef = ADF3DDECA9273F19B01481D9 /* MainTabView.swift */; };
		08D06FEA0A10FB102827BA73 /* Assets.xcassets in Resources */ = {isa = PBXBuildFile; fileRef = 9E1E96E1C72947F66EA4ED70 /* Assets.xcassets */; };
		0CA7BCF3679999BDEB01F5C9 /* CareerTransitionView.swift in Sources */ = {isa = PBXBuildFile; fileRef = 17706828997564C97D5832D3 /* CareerTransitionView.swift */; };
		0ED8CD955A3B6781080B5EDF /* Training.swift in Sources */ = {isa = PBXBuildFile; fileRef = 8794213D39ED12B48DBB1AD0 /* Training.swift */; };
		10EF32CA7202EB6E4808427A /* L10n.swift in Sources */ = {isa = PBXBuildFile; fileRef = C33A7D84AE05A484DCC7B290 /* L10n.swift */; };
		10F0943CBD0B85EEEC963DE7 /* OpportunitiesView.swift in Sources */ = {isa = PBXBuildFile; fileRef = C2F2419BAD232FB8F4313A44 /* OpportunitiesView.swift */; };
		14505AE85A8CFAC419E1AAB0 /* WorkerProfile.swift in Sources */ = {isa = PBXBuildFile; fileRef = B7277DFBD5935C393BF7D392 /* WorkerProfile.swift */; };
		18000B46D53D797DB70FAFE8 /* MySkillsHubView.swift in Sources */ = {isa = PBXBuildFile; fileRef = 82A35E070C0A02686776EBBD /* MySkillsHubView.swift */; };
		3302347266CD681655049C2D /* JobMatchesView.swift in Sources */ = {isa = PBXBuildFile; fileRef = 1BDCA09B243A66A37C00A4A3 /* JobMatchesView.swift */; };
		33A24E2CB37951D19DF140CC /* RadarChartView.swift in Sources */ = {isa = PBXBuildFile; fileRef = A3B693AB611D447A391745D5 /* RadarChartView.swift */; };
		4CB68E7D3B1E781C8F23A76C /* Opportunity.swift in Sources */ = {isa = PBXBuildFile; fileRef = 0FD325585297C44BED7D50D9 /* Opportunity.swift */; };
		4CC954C7257E90B3CCE5E169 /* TrainingJourneyView.swift in Sources */ = {isa = PBXBuildFile; fileRef = 300865F758E063C7CA62F690 /* TrainingJourneyView.swift */; };
		5A470EEC27C7708AFF6A63EC /* JourneyStage.swift in Sources */ = {isa = PBXBuildFile; fileRef = 5622C1828B4D24CF1D564EC4 /* JourneyStage.swift */; };
		5A526EC8071D05ADB5AEB3B5 /* Theme.swift in Sources */ = {isa = PBXBuildFile; fileRef = DF957CA0A6CE1192E1E70FF0 /* Theme.swift */; };
		61DA53D3E4149FA4CC9E3BCD /* JobsHubView.swift in Sources */ = {isa = PBXBuildFile; fileRef = 7F78E7FA6A1C2CC27F80F60B /* JobsHubView.swift */; };
		681C68C0646F956D7DB2371C /* SkillAssessmentFlowView.swift in Sources */ = {isa = PBXBuildFile; fileRef = 6931B60D9F88B97320A56514 /* SkillAssessmentFlowView.swift */; };
		699977C2A27970B80B51F868 /* TrainingCentresView.swift in Sources */ = {isa = PBXBuildFile; fileRef = 316D63DF9DD9108AFD4A4906 /* TrainingCentresView.swift */; };
		69D6A0466B7F62BC4289A194 /* Skill.swift in Sources */ = {isa = PBXBuildFile; fileRef = 9B695332F6921F6C82F9E646 /* Skill.swift */; };
		6CB15E3D8CC3597D3B3C2319 /* TimelineView.swift in Sources */ = {isa = PBXBuildFile; fileRef = 50376211B9FC5096E459D5F5 /* TimelineView.swift */; };
		6DF6F14BA7051B60DC60B717 /* ApplicationsView.swift in Sources */ = {isa = PBXBuildFile; fileRef = A34E69DC482537920B913369 /* ApplicationsView.swift */; };
		75661A25AD8FA0FB408E540A /* StatusStepper.swift in Sources */ = {isa = PBXBuildFile; fileRef = 51B003BBC1031D956CE1D5B2 /* StatusStepper.swift */; };
		7718DAACC3F042D73D4FE08F /* SkillStatusBadge.swift in Sources */ = {isa = PBXBuildFile; fileRef = 35B796E93F0FB3A5DE8432D6 /* SkillStatusBadge.swift */; };
		7FC2DCE7395943DA65EEE2DB /* MockData.swift in Sources */ = {isa = PBXBuildFile; fileRef = 976445E5A587288F775B10DC /* MockData.swift */; };
		903C1AC15D93C9149C0283B6 /* SANKETApp.swift in Sources */ = {isa = PBXBuildFile; fileRef = AEAFA0E3FFEF7204C0536222 /* SANKETApp.swift */; };
		94B317B5EA0E802887A1B690 /* WorkforceJourneyView.swift in Sources */ = {isa = PBXBuildFile; fileRef = 355B7D5248D6F8BC77780D53 /* WorkforceJourneyView.swift */; };
		B35C476FF6C8E57FF902574B /* OnboardingFlowView.swift in Sources */ = {isa = PBXBuildFile; fileRef = FAE483694C5BDD018974F047 /* OnboardingFlowView.swift */; };
		BD721131AC725DF57A688CA3 /* FitPercentView.swift in Sources */ = {isa = PBXBuildFile; fileRef = 0ED0906295448E5F236D302C /* FitPercentView.swift */; };
		BE2E2D4543C848B65CF20DF6 /* HomeView.swift in Sources */ = {isa = PBXBuildFile; fileRef = 4B6651E6BE9000ED9490D260 /* HomeView.swift */; };
		BFF7481AD1237E5D9061289F /* AppState.swift in Sources */ = {isa = PBXBuildFile; fileRef = BB8A7C719D85D2685D277DA0 /* AppState.swift */; };
		C70150C155749CD2AD2272B0 /* SkillProgressView.swift in Sources */ = {isa = PBXBuildFile; fileRef = A09416655B159FDA78935AF6 /* SkillProgressView.swift */; };
		C9B67BBE524E61A7A7E7FCBC /* SkillMapView.swift in Sources */ = {isa = PBXBuildFile; fileRef = E68F1378A86B5B1DF9062467 /* SkillMapView.swift */; };
		CEBB7C6E673D5652F237C1A6 /* PrimaryButton.swift in Sources */ = {isa = PBXBuildFile; fileRef = BE4B7670EABE28B37B35672A /* PrimaryButton.swift */; };
		D49A3003A1F9AB11D1EEA607 /* Localizable.xcstrings in Resources */ = {isa = PBXBuildFile; fileRef = 773FD9C240874598210A4175 /* Localizable.xcstrings */; };
		DC782CAA116DE916A0732BF4 /* TrainingHubView.swift in Sources */ = {isa = PBXBuildFile; fileRef = D36D87366C4BE7A4CDD21B90 /* TrainingHubView.swift */; };
		DDC1C97F875644B4DE7B6324 /* Job.swift in Sources */ = {isa = PBXBuildFile; fileRef = 939814A140232E9AB23CDBAF /* Job.swift */; };
		E29A00C6F8949C6D2E21FDDF /* JourneyTimelineView.swift in Sources */ = {isa = PBXBuildFile; fileRef = 22ADA4EB183A724F6BD7B892 /* JourneyTimelineView.swift */; };
		E9A0905CEDE456E96EAE4C02 /* TrainingRecommendationView.swift in Sources */ = {isa = PBXBuildFile; fileRef = 92F81CD93017BE6271C524D4 /* TrainingRecommendationView.swift */; };
		F27BCC016B279F6F7F976983 /* WorkforceOutcomeView.swift in Sources */ = {isa = PBXBuildFile; fileRef = 48D70B617D405AD9296C7D6D /* WorkforceOutcomeView.swift */; };
		F9561C8FB2678919A06A6C4D /* ProfileView.swift in Sources */ = {isa = PBXBuildFile; fileRef = 2F86655D336C203397FA454F /* ProfileView.swift */; };
		FEA469EF5A074FA03CE1206F /* PresenterControlsView.swift in Sources */ = {isa = PBXBuildFile; fileRef = D892C816D8F9669AE117CCEA /* PresenterControlsView.swift */; };
/* End PBXBuildFile section */

/* Begin PBXFileReference section */
		0ED0906295448E5F236D302C /* FitPercentView.swift */ = {isa = PBXFileReference; lastKnownFileType = sourcecode.swift; path = FitPercentView.swift; sourceTree = "<group>"; };
		0FD325585297C44BED7D50D9 /* Opportunity.swift */ = {isa = PBXFileReference; lastKnownFileType = sourcecode.swift; path = Opportunity.swift; sourceTree = "<group>"; };
		17706828997564C97D5832D3 /* CareerTransitionView.swift */ = {isa = PBXFileReference; lastKnownFileType = sourcecode.swift; path = CareerTransitionView.swift; sourceTree = "<group>"; };
		1BDCA09B243A66A37C00A4A3 /* JobMatchesView.swift */ = {isa = PBXFileReference; lastKnownFileType = sourcecode.swift; path = JobMatchesView.swift; sourceTree = "<group>"; };
		22ADA4EB183A724F6BD7B892 /* JourneyTimelineView.swift */ = {isa = PBXFileReference; lastKnownFileType = sourcecode.swift; path = JourneyTimelineView.swift; sourceTree = "<group>"; };
		2F86655D336C203397FA454F /* ProfileView.swift */ = {isa = PBXFileReference; lastKnownFileType = sourcecode.swift; path = ProfileView.swift; sourceTree = "<group>"; };
		300865F758E063C7CA62F690 /* TrainingJourneyView.swift */ = {isa = PBXFileReference; lastKnownFileType = sourcecode.swift; path = TrainingJourneyView.swift; sourceTree = "<group>"; };
		316D63DF9DD9108AFD4A4906 /* TrainingCentresView.swift */ = {isa = PBXFileReference; lastKnownFileType = sourcecode.swift; path = TrainingCentresView.swift; sourceTree = "<group>"; };
		355B7D5248D6F8BC77780D53 /* WorkforceJourneyView.swift */ = {isa = PBXFileReference; lastKnownFileType = sourcecode.swift; path = WorkforceJourneyView.swift; sourceTree = "<group>"; };
		35B796E93F0FB3A5DE8432D6 /* SkillStatusBadge.swift */ = {isa = PBXFileReference; lastKnownFileType = sourcecode.swift; path = SkillStatusBadge.swift; sourceTree = "<group>"; };
		48D70B617D405AD9296C7D6D /* WorkforceOutcomeView.swift */ = {isa = PBXFileReference; lastKnownFileType = sourcecode.swift; path = WorkforceOutcomeView.swift; sourceTree = "<group>"; };
		4B6651E6BE9000ED9490D260 /* HomeView.swift */ = {isa = PBXFileReference; lastKnownFileType = sourcecode.swift; path = HomeView.swift; sourceTree = "<group>"; };
		50376211B9FC5096E459D5F5 /* TimelineView.swift */ = {isa = PBXFileReference; lastKnownFileType = sourcecode.swift; path = TimelineView.swift; sourceTree = "<group>"; };
		51B003BBC1031D956CE1D5B2 /* StatusStepper.swift */ = {isa = PBXFileReference; lastKnownFileType = sourcecode.swift; path = StatusStepper.swift; sourceTree = "<group>"; };
		5622C1828B4D24CF1D564EC4 /* JourneyStage.swift */ = {isa = PBXFileReference; lastKnownFileType = sourcecode.swift; path = JourneyStage.swift; sourceTree = "<group>"; };
		6931B60D9F88B97320A56514 /* SkillAssessmentFlowView.swift */ = {isa = PBXFileReference; lastKnownFileType = sourcecode.swift; path = SkillAssessmentFlowView.swift; sourceTree = "<group>"; };
		773FD9C240874598210A4175 /* Localizable.xcstrings */ = {isa = PBXFileReference; lastKnownFileType = text.json.xcstrings; path = Localizable.xcstrings; sourceTree = "<group>"; };
		7F78E7FA6A1C2CC27F80F60B /* JobsHubView.swift */ = {isa = PBXFileReference; lastKnownFileType = sourcecode.swift; path = JobsHubView.swift; sourceTree = "<group>"; };
		82A35E070C0A02686776EBBD /* MySkillsHubView.swift */ = {isa = PBXFileReference; lastKnownFileType = sourcecode.swift; path = MySkillsHubView.swift; sourceTree = "<group>"; };
		8794213D39ED12B48DBB1AD0 /* Training.swift */ = {isa = PBXFileReference; lastKnownFileType = sourcecode.swift; path = Training.swift; sourceTree = "<group>"; };
		92F81CD93017BE6271C524D4 /* TrainingRecommendationView.swift */ = {isa = PBXFileReference; lastKnownFileType = sourcecode.swift; path = TrainingRecommendationView.swift; sourceTree = "<group>"; };
		939814A140232E9AB23CDBAF /* Job.swift */ = {isa = PBXFileReference; lastKnownFileType = sourcecode.swift; path = Job.swift; sourceTree = "<group>"; };
		976445E5A587288F775B10DC /* MockData.swift */ = {isa = PBXFileReference; lastKnownFileType = sourcecode.swift; path = MockData.swift; sourceTree = "<group>"; };
		9B695332F6921F6C82F9E646 /* Skill.swift */ = {isa = PBXFileReference; lastKnownFileType = sourcecode.swift; path = Skill.swift; sourceTree = "<group>"; };
		9E1E96E1C72947F66EA4ED70 /* Assets.xcassets */ = {isa = PBXFileReference; lastKnownFileType = folder.assetcatalog; path = Assets.xcassets; sourceTree = "<group>"; };
		A09416655B159FDA78935AF6 /* SkillProgressView.swift */ = {isa = PBXFileReference; lastKnownFileType = sourcecode.swift; path = SkillProgressView.swift; sourceTree = "<group>"; };
		A34E69DC482537920B913369 /* ApplicationsView.swift */ = {isa = PBXFileReference; lastKnownFileType = sourcecode.swift; path = ApplicationsView.swift; sourceTree = "<group>"; };
		A3B693AB611D447A391745D5 /* RadarChartView.swift */ = {isa = PBXFileReference; lastKnownFileType = sourcecode.swift; path = RadarChartView.swift; sourceTree = "<group>"; };
		ADF3DDECA9273F19B01481D9 /* MainTabView.swift */ = {isa = PBXFileReference; lastKnownFileType = sourcecode.swift; path = MainTabView.swift; sourceTree = "<group>"; };
		AEAFA0E3FFEF7204C0536222 /* SANKETApp.swift */ = {isa = PBXFileReference; lastKnownFileType = sourcecode.swift; path = SANKETApp.swift; sourceTree = "<group>"; };
		B7277DFBD5935C393BF7D392 /* WorkerProfile.swift */ = {isa = PBXFileReference; lastKnownFileType = sourcecode.swift; path = WorkerProfile.swift; sourceTree = "<group>"; };
		BB8A7C719D85D2685D277DA0 /* AppState.swift */ = {isa = PBXFileReference; lastKnownFileType = sourcecode.swift; path = AppState.swift; sourceTree = "<group>"; };
		BE4B7670EABE28B37B35672A /* PrimaryButton.swift */ = {isa = PBXFileReference; lastKnownFileType = sourcecode.swift; path = PrimaryButton.swift; sourceTree = "<group>"; };
		BF449ACF1D222A21DBD60F2A /* SANKET.app */ = {isa = PBXFileReference; includeInIndex = 0; lastKnownFileType = wrapper.application; path = SANKET.app; sourceTree = BUILT_PRODUCTS_DIR; };
		C2F2419BAD232FB8F4313A44 /* OpportunitiesView.swift */ = {isa = PBXFileReference; lastKnownFileType = sourcecode.swift; path = OpportunitiesView.swift; sourceTree = "<group>"; };
		C33A7D84AE05A484DCC7B290 /* L10n.swift */ = {isa = PBXFileReference; lastKnownFileType = sourcecode.swift; path = L10n.swift; sourceTree = "<group>"; };
		D36D87366C4BE7A4CDD21B90 /* TrainingHubView.swift */ = {isa = PBXFileReference; lastKnownFileType = sourcecode.swift; path = TrainingHubView.swift; sourceTree = "<group>"; };
		D892C816D8F9669AE117CCEA /* PresenterControlsView.swift */ = {isa = PBXFileReference; lastKnownFileType = sourcecode.swift; path = PresenterControlsView.swift; sourceTree = "<group>"; };
		DF957CA0A6CE1192E1E70FF0 /* Theme.swift */ = {isa = PBXFileReference; lastKnownFileType = sourcecode.swift; path = Theme.swift; sourceTree = "<group>"; };
		E68F1378A86B5B1DF9062467 /* SkillMapView.swift */ = {isa = PBXFileReference; lastKnownFileType = sourcecode.swift; path = SkillMapView.swift; sourceTree = "<group>"; };
		F71208C78453827D18AD49DE /* Info.plist */ = {isa = PBXFileReference; lastKnownFileType = text.plist; path = Info.plist; sourceTree = "<group>"; };
		FAE483694C5BDD018974F047 /* OnboardingFlowView.swift */ = {isa = PBXFileReference; lastKnownFileType = sourcecode.swift; path = OnboardingFlowView.swift; sourceTree = "<group>"; };
/* End PBXFileReference section */

/* Begin PBXGroup section */
		1510F337782A5C38A2F5901F /* Training */ = {
			isa = PBXGroup;
			children = (
				A09416655B159FDA78935AF6 /* SkillProgressView.swift */,
				316D63DF9DD9108AFD4A4906 /* TrainingCentresView.swift */,
				D36D87366C4BE7A4CDD21B90 /* TrainingHubView.swift */,
				300865F758E063C7CA62F690 /* TrainingJourneyView.swift */,
				92F81CD93017BE6271C524D4 /* TrainingRecommendationView.swift */,
			);
			path = Training;
			sourceTree = "<group>";
		};
		1584345083DD87CFAAF5194B /* Jobs */ = {
			isa = PBXGroup;
			children = (
				A34E69DC482537920B913369 /* ApplicationsView.swift */,
				1BDCA09B243A66A37C00A4A3 /* JobMatchesView.swift */,
				7F78E7FA6A1C2CC27F80F60B /* JobsHubView.swift */,
			);
			path = Jobs;
			sourceTree = "<group>";
		};
		1E6C52D9B110D4AE12D22CB8 /* Opportunities */ = {
			isa = PBXGroup;
			children = (
				C2F2419BAD232FB8F4313A44 /* OpportunitiesView.swift */,
			);
			path = Opportunities;
			sourceTree = "<group>";
		};
		2550C9D0C63C9E4C8564F64E /* MockData */ = {
			isa = PBXGroup;
			children = (
				976445E5A587288F775B10DC /* MockData.swift */,
			);
			path = MockData;
			sourceTree = "<group>";
		};
		33898D0A8CAB78880D0F5D41 /* Components */ = {
			isa = PBXGroup;
			children = (
				0ED0906295448E5F236D302C /* FitPercentView.swift */,
				22ADA4EB183A724F6BD7B892 /* JourneyTimelineView.swift */,
				C33A7D84AE05A484DCC7B290 /* L10n.swift */,
				BE4B7670EABE28B37B35672A /* PrimaryButton.swift */,
				A3B693AB611D447A391745D5 /* RadarChartView.swift */,
				35B796E93F0FB3A5DE8432D6 /* SkillStatusBadge.swift */,
				51B003BBC1031D956CE1D5B2 /* StatusStepper.swift */,
				DF957CA0A6CE1192E1E70FF0 /* Theme.swift */,
				50376211B9FC5096E459D5F5 /* TimelineView.swift */,
			);
			path = Components;
			sourceTree = "<group>";
		};
		34F2254B966F2FF79E03B373 /* Views */ = {
			isa = PBXGroup;
			children = (
				AE38820F7B04C2A60B03E1EC /* Home */,
				1584345083DD87CFAAF5194B /* Jobs */,
				E31D8054A4FA609E7D55C176 /* Onboarding */,
				1E6C52D9B110D4AE12D22CB8 /* Opportunities */,
				8E2CF244E3FCB5C2CA6C832B /* Outcome */,
				C393BE2682420FC6C75E6589 /* Profile */,
				50A6C65A10F6B48C4E15697B /* Skills */,
				1510F337782A5C38A2F5901F /* Training */,
				416393EC58A431429149ECD8 /* Transition */,
			);
			path = Views;
			sourceTree = "<group>";
		};
		3C34E8AFCAF1D65C2DEF04BE /* Models */ = {
			isa = PBXGroup;
			children = (
				939814A140232E9AB23CDBAF /* Job.swift */,
				5622C1828B4D24CF1D564EC4 /* JourneyStage.swift */,
				0FD325585297C44BED7D50D9 /* Opportunity.swift */,
				9B695332F6921F6C82F9E646 /* Skill.swift */,
				8794213D39ED12B48DBB1AD0 /* Training.swift */,
				B7277DFBD5935C393BF7D392 /* WorkerProfile.swift */,
			);
			path = Models;
			sourceTree = "<group>";
		};
		3EDE9A1DF5D978F89DC8A055 /* SANKET */ = {
			isa = PBXGroup;
			children = (
				F71208C78453827D18AD49DE /* Info.plist */,
				7E5ACD91DF0BD64CBEA8CAAB /* App */,
				33898D0A8CAB78880D0F5D41 /* Components */,
				2550C9D0C63C9E4C8564F64E /* MockData */,
				3C34E8AFCAF1D65C2DEF04BE /* Models */,
				F9C67A5F64763B58EC02B971 /* Resources */,
				4DFBD08226DFCAF1AEF7ECAC /* State */,
				34F2254B966F2FF79E03B373 /* Views */,
			);
			path = SANKET;
			sourceTree = "<group>";
		};
		416393EC58A431429149ECD8 /* Transition */ = {
			isa = PBXGroup;
			children = (
				17706828997564C97D5832D3 /* CareerTransitionView.swift */,
			);
			path = Transition;
			sourceTree = "<group>";
		};
		4A578FB5272BF217E3AC0704 = {
			isa = PBXGroup;
			children = (
				3EDE9A1DF5D978F89DC8A055 /* SANKET */,
				ABFB012CF2F4360E943195FE /* Products */,
			);
			sourceTree = "<group>";
		};
		4DFBD08226DFCAF1AEF7ECAC /* State */ = {
			isa = PBXGroup;
			children = (
				BB8A7C719D85D2685D277DA0 /* AppState.swift */,
			);
			path = State;
			sourceTree = "<group>";
		};
		50A6C65A10F6B48C4E15697B /* Skills */ = {
			isa = PBXGroup;
			children = (
				82A35E070C0A02686776EBBD /* MySkillsHubView.swift */,
				6931B60D9F88B97320A56514 /* SkillAssessmentFlowView.swift */,
				E68F1378A86B5B1DF9062467 /* SkillMapView.swift */,
			);
			path = Skills;
			sourceTree = "<group>";
		};
		7E5ACD91DF0BD64CBEA8CAAB /* App */ = {
			isa = PBXGroup;
			children = (
				ADF3DDECA9273F19B01481D9 /* MainTabView.swift */,
				AEAFA0E3FFEF7204C0536222 /* SANKETApp.swift */,
			);
			path = App;
			sourceTree = "<group>";
		};
		8E2CF244E3FCB5C2CA6C832B /* Outcome */ = {
			isa = PBXGroup;
			children = (
				48D70B617D405AD9296C7D6D /* WorkforceOutcomeView.swift */,
			);
			path = Outcome;
			sourceTree = "<group>";
		};
		ABFB012CF2F4360E943195FE /* Products */ = {
			isa = PBXGroup;
			children = (
				BF449ACF1D222A21DBD60F2A /* SANKET.app */,
			);
			name = Products;
			sourceTree = "<group>";
		};
		AE38820F7B04C2A60B03E1EC /* Home */ = {
			isa = PBXGroup;
			children = (
				4B6651E6BE9000ED9490D260 /* HomeView.swift */,
				D892C816D8F9669AE117CCEA /* PresenterControlsView.swift */,
			);
			path = Home;
			sourceTree = "<group>";
		};
		C393BE2682420FC6C75E6589 /* Profile */ = {
			isa = PBXGroup;
			children = (
				2F86655D336C203397FA454F /* ProfileView.swift */,
				355B7D5248D6F8BC77780D53 /* WorkforceJourneyView.swift */,
			);
			path = Profile;
			sourceTree = "<group>";
		};
		E31D8054A4FA609E7D55C176 /* Onboarding */ = {
			isa = PBXGroup;
			children = (
				FAE483694C5BDD018974F047 /* OnboardingFlowView.swift */,
			);
			path = Onboarding;
			sourceTree = "<group>";
		};
		F9C67A5F64763B58EC02B971 /* Resources */ = {
			isa = PBXGroup;
			children = (
				9E1E96E1C72947F66EA4ED70 /* Assets.xcassets */,
				773FD9C240874598210A4175 /* Localizable.xcstrings */,
			);
			path = Resources;
			sourceTree = "<group>";
		};
/* End PBXGroup section */

/* Begin PBXNativeTarget section */
		D42FC3E7255E72FA0861C3F9 /* SANKET */ = {
			isa = PBXNativeTarget;
			buildConfigurationList = 9778871A7DF002799992EFBD /* Build configuration list for PBXNativeTarget "SANKET" */;
			buildPhases = (
				738ACDE8CE83AFF5D13F40B6 /* Sources */,
				FD8D61D1FD20E5210F3F6A3E /* Resources */,
			);
			buildRules = (
			);
			dependencies = (
			);
			name = SANKET;
			packageProductDependencies = (
			);
			productName = SANKET;
			productReference = BF449ACF1D222A21DBD60F2A /* SANKET.app */;
			productType = "com.apple.product-type.application";
		};
/* End PBXNativeTarget section */

/* Begin PBXProject section */
		D07A700FE296D34EF1A746DC /* Project object */ = {
			isa = PBXProject;
			attributes = {
				BuildIndependentTargetsInParallel = YES;
				LastUpgradeCheck = 1600;
				TargetAttributes = {
					D42FC3E7255E72FA0861C3F9 = {
						DevelopmentTeam = "";
						ProvisioningStyle = Automatic;
					};
				};
			};
			buildConfigurationList = D4215E819134D42E7F99B120 /* Build configuration list for PBXProject "SANKET" */;
			developmentRegion = en;
			hasScannedForEncodings = 0;
			knownRegions = (
				Base,
				en,
				hi,
			);
			mainGroup = 4A578FB5272BF217E3AC0704;
			minimizedProjectReferenceProxies = 1;
			preferredProjectObjectVersion = 77;
			productRefGroup = ABFB012CF2F4360E943195FE /* Products */;
			projectDirPath = "";
			projectRoot = "";
			targets = (
				D42FC3E7255E72FA0861C3F9 /* SANKET */,
			);
		};
/* End PBXProject section */

/* Begin PBXResourcesBuildPhase section */
		FD8D61D1FD20E5210F3F6A3E /* Resources */ = {
			isa = PBXResourcesBuildPhase;
			buildActionMask = 2147483647;
			files = (
				08D06FEA0A10FB102827BA73 /* Assets.xcassets in Resources */,
				D49A3003A1F9AB11D1EEA607 /* Localizable.xcstrings in Resources */,
			);
			runOnlyForDeploymentPostprocessing = 0;
		};
/* End PBXResourcesBuildPhase section */

/* Begin PBXSourcesBuildPhase section */
		738ACDE8CE83AFF5D13F40B6 /* Sources */ = {
			isa = PBXSourcesBuildPhase;
			buildActionMask = 2147483647;
			files = (
				BFF7481AD1237E5D9061289F /* AppState.swift in Sources */,
				6DF6F14BA7051B60DC60B717 /* ApplicationsView.swift in Sources */,
				0CA7BCF3679999BDEB01F5C9 /* CareerTransitionView.swift in Sources */,
				BD721131AC725DF57A688CA3 /* FitPercentView.swift in Sources */,
				BE2E2D4543C848B65CF20DF6 /* HomeView.swift in Sources */,
				DDC1C97F875644B4DE7B6324 /* Job.swift in Sources */,
				3302347266CD681655049C2D /* JobMatchesView.swift in Sources */,
				61DA53D3E4149FA4CC9E3BCD /* JobsHubView.swift in Sources */,
				5A470EEC27C7708AFF6A63EC /* JourneyStage.swift in Sources */,
				E29A00C6F8949C6D2E21FDDF /* JourneyTimelineView.swift in Sources */,
				10EF32CA7202EB6E4808427A /* L10n.swift in Sources */,
				07324C96AE96D5CE062E112E /* MainTabView.swift in Sources */,
				7FC2DCE7395943DA65EEE2DB /* MockData.swift in Sources */,
				18000B46D53D797DB70FAFE8 /* MySkillsHubView.swift in Sources */,
				B35C476FF6C8E57FF902574B /* OnboardingFlowView.swift in Sources */,
				10F0943CBD0B85EEEC963DE7 /* OpportunitiesView.swift in Sources */,
				4CB68E7D3B1E781C8F23A76C /* Opportunity.swift in Sources */,
				FEA469EF5A074FA03CE1206F /* PresenterControlsView.swift in Sources */,
				CEBB7C6E673D5652F237C1A6 /* PrimaryButton.swift in Sources */,
				F9561C8FB2678919A06A6C4D /* ProfileView.swift in Sources */,
				33A24E2CB37951D19DF140CC /* RadarChartView.swift in Sources */,
				903C1AC15D93C9149C0283B6 /* SANKETApp.swift in Sources */,
				69D6A0466B7F62BC4289A194 /* Skill.swift in Sources */,
				681C68C0646F956D7DB2371C /* SkillAssessmentFlowView.swift in Sources */,
				C9B67BBE524E61A7A7E7FCBC /* SkillMapView.swift in Sources */,
				C70150C155749CD2AD2272B0 /* SkillProgressView.swift in Sources */,
				7718DAACC3F042D73D4FE08F /* SkillStatusBadge.swift in Sources */,
				75661A25AD8FA0FB408E540A /* StatusStepper.swift in Sources */,
				5A526EC8071D05ADB5AEB3B5 /* Theme.swift in Sources */,
				6CB15E3D8CC3597D3B3C2319 /* TimelineView.swift in Sources */,
				0ED8CD955A3B6781080B5EDF /* Training.swift in Sources */,
				699977C2A27970B80B51F868 /* TrainingCentresView.swift in Sources */,
				DC782CAA116DE916A0732BF4 /* TrainingHubView.swift in Sources */,
				4CC954C7257E90B3CCE5E169 /* TrainingJourneyView.swift in Sources */,
				E9A0905CEDE456E96EAE4C02 /* TrainingRecommendationView.swift in Sources */,
				14505AE85A8CFAC419E1AAB0 /* WorkerProfile.swift in Sources */,
				94B317B5EA0E802887A1B690 /* WorkforceJourneyView.swift in Sources */,
				F27BCC016B279F6F7F976983 /* WorkforceOutcomeView.swift in Sources */,
			);
			runOnlyForDeploymentPostprocessing = 0;
		};
/* End PBXSourcesBuildPhase section */

/* Begin XCBuildConfiguration section */
		2C3F1C7CC3FED87C89CBE776 /* Debug */ = {
			isa = XCBuildConfiguration;
			buildSettings = {
				ALWAYS_SEARCH_USER_PATHS = NO;
				CLANG_ANALYZER_NONNULL = YES;
				CLANG_ANALYZER_NUMBER_OBJECT_CONVERSION = YES_AGGRESSIVE;
				CLANG_CXX_LANGUAGE_STANDARD = "gnu++14";
				CLANG_CXX_LIBRARY = "libc++";
				CLANG_ENABLE_MODULES = YES;
				CLANG_ENABLE_OBJC_ARC = YES;
				CLANG_ENABLE_OBJC_WEAK = YES;
				CLANG_WARN_BLOCK_CAPTURE_AUTORELEASING = YES;
				CLANG_WARN_BOOL_CONVERSION = YES;
				CLANG_WARN_COMMA = YES;
				CLANG_WARN_CONSTANT_CONVERSION = YES;
				CLANG_WARN_DEPRECATED_OBJC_IMPLEMENTATIONS = YES;
				CLANG_WARN_DIRECT_OBJC_ISA_USAGE = YES_ERROR;
				CLANG_WARN_DOCUMENTATION_COMMENTS = YES;
				CLANG_WARN_EMPTY_BODY = YES;
				CLANG_WARN_ENUM_CONVERSION = YES;
				CLANG_WARN_INFINITE_RECURSION = YES;
				CLANG_WARN_INT_CONVERSION = YES;
				CLANG_WARN_NON_LITERAL_NULL_CONVERSION = YES;
				CLANG_WARN_OBJC_IMPLICIT_RETAIN_SELF = YES;
				CLANG_WARN_OBJC_LITERAL_CONVERSION = YES;
				CLANG_WARN_OBJC_ROOT_CLASS = YES_ERROR;
				CLANG_WARN_QUOTED_INCLUDE_IN_FRAMEWORK_HEADER = YES;
				CLANG_WARN_RANGE_LOOP_ANALYSIS = YES;
				CLANG_WARN_STRICT_PROTOTYPES = YES;
				CLANG_WARN_SUSPICIOUS_MOVE = YES;
				CLANG_WARN_UNGUARDED_AVAILABILITY = YES_AGGRESSIVE;
				CLANG_WARN_UNREACHABLE_CODE = YES;
				CLANG_WARN__DUPLICATE_METHOD_MATCH = YES;
				CODE_SIGN_STYLE = Automatic;
				COPY_PHASE_STRIP = NO;
				CURRENT_PROJECT_VERSION = 1;
				DEBUG_INFORMATION_FORMAT = dwarf;
				DEVELOPMENT_TEAM = "";
				ENABLE_STRICT_OBJC_MSGSEND = YES;
				ENABLE_TESTABILITY = YES;
				GCC_C_LANGUAGE_STANDARD = gnu11;
				GCC_DYNAMIC_NO_PIC = NO;
				GCC_NO_COMMON_BLOCKS = YES;
				GCC_OPTIMIZATION_LEVEL = 0;
				GCC_PREPROCESSOR_DEFINITIONS = (
					"$(inherited)",
					"DEBUG=1",
				);
				GCC_WARN_64_TO_32_BIT_CONVERSION = YES;
				GCC_WARN_ABOUT_RETURN_TYPE = YES_ERROR;
				GCC_WARN_UNDECLARED_SELECTOR = YES;
				GCC_WARN_UNINITIALIZED_AUTOS = YES_AGGRESSIVE;
				GCC_WARN_UNUSED_FUNCTION = YES;
				GCC_WARN_UNUSED_VARIABLE = YES;
				INFOPLIST_KEY_CFBundleDisplayName = SANKET;
				INFOPLIST_KEY_UILaunchScreen_Generation = YES;
				INFOPLIST_KEY_UISupportedInterfaceOrientations = UIInterfaceOrientationPortrait;
				IPHONEOS_DEPLOYMENT_TARGET = 17.0;
				MARKETING_VERSION = 1.0;
				MTL_ENABLE_DEBUG_INFO = INCLUDE_SOURCE;
				MTL_FAST_MATH = YES;
				ONLY_ACTIVE_ARCH = YES;
				PRODUCT_NAME = "$(TARGET_NAME)";
				SDKROOT = iphoneos;
				SWIFT_ACTIVE_COMPILATION_CONDITIONS = DEBUG;
				SWIFT_OPTIMIZATION_LEVEL = "-Onone";
				SWIFT_VERSION = 5.0;
				TARGETED_DEVICE_FAMILY = 1;
			};
			name = Debug;
		};
		708E66B527D0BA00B6E5E5C5 /* Debug */ = {
			isa = XCBuildConfiguration;
			buildSettings = {
				ASSETCATALOG_COMPILER_APPICON_NAME = AppIcon;
				ASSETCATALOG_COMPILER_GLOBAL_ACCENT_COLOR_NAME = AccentColor;
				CODE_SIGN_IDENTITY = "iPhone Developer";
				GENERATE_INFOPLIST_FILE = YES;
				INFOPLIST_FILE = SANKET/Info.plist;
				INFOPLIST_KEY_NSLocationWhenInUseUsageDescription = "Used to show nearby training centres on the map.";
				LD_RUNPATH_SEARCH_PATHS = (
					"$(inherited)",
					"@executable_path/Frameworks",
				);
				PRODUCT_BUNDLE_IDENTIFIER = com.sanket.worker;
				SDKROOT = iphoneos;
				SWIFT_STRICT_CONCURRENCY = minimal;
				TARGETED_DEVICE_FAMILY = "1,2";
			};
			name = Debug;
		};
		7D9284B01F42007BA43A6C07 /* Release */ = {
			isa = XCBuildConfiguration;
			buildSettings = {
				ALWAYS_SEARCH_USER_PATHS = NO;
				CLANG_ANALYZER_NONNULL = YES;
				CLANG_ANALYZER_NUMBER_OBJECT_CONVERSION = YES_AGGRESSIVE;
				CLANG_CXX_LANGUAGE_STANDARD = "gnu++14";
				CLANG_CXX_LIBRARY = "libc++";
				CLANG_ENABLE_MODULES = YES;
				CLANG_ENABLE_OBJC_ARC = YES;
				CLANG_ENABLE_OBJC_WEAK = YES;
				CLANG_WARN_BLOCK_CAPTURE_AUTORELEASING = YES;
				CLANG_WARN_BOOL_CONVERSION = YES;
				CLANG_WARN_COMMA = YES;
				CLANG_WARN_CONSTANT_CONVERSION = YES;
				CLANG_WARN_DEPRECATED_OBJC_IMPLEMENTATIONS = YES;
				CLANG_WARN_DIRECT_OBJC_ISA_USAGE = YES_ERROR;
				CLANG_WARN_DOCUMENTATION_COMMENTS = YES;
				CLANG_WARN_EMPTY_BODY = YES;
				CLANG_WARN_ENUM_CONVERSION = YES;
				CLANG_WARN_INFINITE_RECURSION = YES;
				CLANG_WARN_INT_CONVERSION = YES;
				CLANG_WARN_NON_LITERAL_NULL_CONVERSION = YES;
				CLANG_WARN_OBJC_IMPLICIT_RETAIN_SELF = YES;
				CLANG_WARN_OBJC_LITERAL_CONVERSION = YES;
				CLANG_WARN_OBJC_ROOT_CLASS = YES_ERROR;
				CLANG_WARN_QUOTED_INCLUDE_IN_FRAMEWORK_HEADER = YES;
				CLANG_WARN_RANGE_LOOP_ANALYSIS = YES;
				CLANG_WARN_STRICT_PROTOTYPES = YES;
				CLANG_WARN_SUSPICIOUS_MOVE = YES;
				CLANG_WARN_UNGUARDED_AVAILABILITY = YES_AGGRESSIVE;
				CLANG_WARN_UNREACHABLE_CODE = YES;
				CLANG_WARN__DUPLICATE_METHOD_MATCH = YES;
				CODE_SIGN_STYLE = Automatic;
				COPY_PHASE_STRIP = NO;
				CURRENT_PROJECT_VERSION = 1;
				DEBUG_INFORMATION_FORMAT = "dwarf-with-dsym";
				DEVELOPMENT_TEAM = "";
				ENABLE_NS_ASSERTIONS = NO;
				ENABLE_STRICT_OBJC_MSGSEND = YES;
				GCC_C_LANGUAGE_STANDARD = gnu11;
				GCC_NO_COMMON_BLOCKS = YES;
				GCC_WARN_64_TO_32_BIT_CONVERSION = YES;
				GCC_WARN_ABOUT_RETURN_TYPE = YES_ERROR;
				GCC_WARN_UNDECLARED_SELECTOR = YES;
				GCC_WARN_UNINITIALIZED_AUTOS = YES_AGGRESSIVE;
				GCC_WARN_UNUSED_FUNCTION = YES;
				GCC_WARN_UNUSED_VARIABLE = YES;
				INFOPLIST_KEY_CFBundleDisplayName = SANKET;
				INFOPLIST_KEY_UILaunchScreen_Generation = YES;
				INFOPLIST_KEY_UISupportedInterfaceOrientations = UIInterfaceOrientationPortrait;
				IPHONEOS_DEPLOYMENT_TARGET = 17.0;
				MARKETING_VERSION = 1.0;
				MTL_ENABLE_DEBUG_INFO = NO;
				MTL_FAST_MATH = YES;
				PRODUCT_NAME = "$(TARGET_NAME)";
				SDKROOT = iphoneos;
				SWIFT_COMPILATION_MODE = wholemodule;
				SWIFT_OPTIMIZATION_LEVEL = "-O";
				SWIFT_VERSION = 5.0;
				TARGETED_DEVICE_FAMILY = 1;
			};
			name = Release;
		};
		F59ACBCA734F84A2A5AE4FCF /* Release */ = {
			isa = XCBuildConfiguration;
			buildSettings = {
				ASSETCATALOG_COMPILER_APPICON_NAME = AppIcon;
				ASSETCATALOG_COMPILER_GLOBAL_ACCENT_COLOR_NAME = AccentColor;
				CODE_SIGN_IDENTITY = "iPhone Developer";
				GENERATE_INFOPLIST_FILE = YES;
				INFOPLIST_FILE = SANKET/Info.plist;
				INFOPLIST_KEY_NSLocationWhenInUseUsageDescription = "Used to show nearby training centres on the map.";
				LD_RUNPATH_SEARCH_PATHS = (
					"$(inherited)",
					"@executable_path/Frameworks",
				);
				PRODUCT_BUNDLE_IDENTIFIER = com.sanket.worker;
				SDKROOT = iphoneos;
				SWIFT_STRICT_CONCURRENCY = minimal;
				TARGETED_DEVICE_FAMILY = "1,2";
			};
			name = Release;
		};
/* End XCBuildConfiguration section */

/* Begin XCConfigurationList section */
		9778871A7DF002799992EFBD /* Build configuration list for PBXNativeTarget "SANKET" */ = {
			isa = XCConfigurationList;
			buildConfigurations = (
				708E66B527D0BA00B6E5E5C5 /* Debug */,
				F59ACBCA734F84A2A5AE4FCF /* Release */,
			);
			defaultConfigurationIsVisible = 0;
			defaultConfigurationName = Debug;
		};
		D4215E819134D42E7F99B120 /* Build configuration list for PBXProject "SANKET" */ = {
			isa = XCConfigurationList;
			buildConfigurations = (
				2C3F1C7CC3FED87C89CBE776 /* Debug */,
				7D9284B01F42007BA43A6C07 /* Release */,
			);
			defaultConfigurationIsVisible = 0;
			defaultConfigurationName = Debug;
		};
/* End XCConfigurationList section */
	};
	rootObject = D07A700FE296D34EF1A746DC /* Project object */;
}
